
Microsoft Visual Studio Solution File, Format Version 12.00
# Visual Studio Version 17
VisualStudioVersion = 17.2.32519.379
MinimumVisualStudioVersion = 10.0.40219.1
Project("{FAE04EC0-301F-11D3-BF4B-00C04F79EFBC}") = "LibraryManagementAPI", "LibraryManagementAPI\LibraryManagementAPI.csproj", "{EFC5A10C-50A3-498A-B7BE-CA8AD1F05AED}"
EndProject
Project("{FAE04EC0-301F-11D3-BF4B-00C04F79EFBC}") = "LibraryManagementCore", "LibraryManagementCore\LibraryManagementCore.csproj", "{C52A9E63-2808-4F5D-AFE0-3E59A61FA589}"
EndProject
Project("{FAE04EC0-301F-11D3-BF4B-00C04F79EFBC}") = "LibraryManagementInfrastructure", "LibraryManagementInfrastructure\LibraryManagementInfrastructure.csproj", "{63DEDD40-1487-4810-84A4-AD5923B2EB70}"
EndProject
Global
	GlobalSection(SolutionConfigurationPlatforms) = preSolution
		Debug|Any CPU = Debug|Any CPU
		Release|Any CPU = Release|Any CPU
	EndGlobalSection
	GlobalSection(ProjectConfigurationPlatforms) = postSolution
		{EFC5A10C-50A3-498A-B7BE-CA8AD1F05AED}.Debug|Any CPU.ActiveCfg = Debug|Any CPU
		{EFC5A10C-50A3-498A-B7BE-CA8AD1F05AED}.Debug|Any CPU.Build.0 = Debug|Any CPU
		{EFC5A10C-50A3-498A-B7BE-CA8AD1F05AED}.Release|Any CPU.ActiveCfg = Release|Any CPU
		{EFC5A10C-50A3-498A-B7BE-CA8AD1F05AED}.Release|Any CPU.Build.0 = Release|Any CPU
		{C52A9E63-2808-4F5D-AFE0-3E59A61FA589}.Debug|Any CPU.ActiveCfg = Debug|Any CPU
		{C52A9E63-2808-4F5D-AFE0-3E59A61FA589}.Debug|Any CPU.Build.0 = Debug|Any CPU
		{C52A9E63-2808-4F5D-AFE0-3E59A61FA589}.Release|Any CPU.ActiveCfg = Release|Any CPU
		{C52A9E63-2808-4F5D-AFE0-3E59A61FA589}.Release|Any CPU.Build.0 = Release|Any CPU
		{63DEDD40-1487-4810-84A4-AD5923B2EB70}.Debug|Any CPU.ActiveCfg = Debug|Any CPU
		{63DEDD40-1487-4810-84A4-AD5923B2EB70}.Debug|Any CPU.Build.0 = Debug|Any CPU
		{63DEDD40-1487-4810-84A4-AD5923B2EB70}.Release|Any CPU.ActiveCfg = Release|Any CPU
		{63DEDD40-1487-4810-84A4-AD5923B2EB70}.Release|Any CPU.Build.0 = Release|Any CPU
	EndGlobalSection
	GlobalSection(SolutionProperties) = preSolution
		HideSolutionNode = FALSE
	EndGlobalSection
	GlobalSection(ExtensibilityGlobals) = postSolution
		SolutionGuid = {37635E06-DF7B-4281-9985-0F09491E849D}
	EndGlobalSection
EndGlobal
